// !$*UTF8*$!
{
	archiveVersion = 1;
	classes = {
	};
	objectVersion = 50;
	objects = {

/* Begin PBXBuildFile section */
		49879ACF233A0DF40069E4CF /* ContentView.swift in Sources */ = {isa = PBXBuildFile; fileRef = 49879ACE233A0DF40069E4CF /* ContentView.swift */; };
		591C5C832339A5B00044186B /* AppDelegate.swift in Sources */ = {isa = PBXBuildFile; fileRef = 591C5C822339A5B00044186B /* AppDelegate.swift */; };
		591C5C852339A5B00044186B /* SceneDelegate.swift in Sources */ = {isa = PBXBuildFile; fileRef = 591C5C842339A5B00044186B /* SceneDelegate.swift */; };
		591C5C892339A5B10044186B /* Assets.xcassets in Resources */ = {isa = PBXBuildFile; fileRef = 591C5C882339A5B10044186B /* Assets.xcassets */; };
		591C5C8C2339A5B10044186B /* Preview Assets.xcassets in Resources */ = {isa = PBXBuildFile; fileRef = 591C5C8B2339A5B10044186B /* Preview Assets.xcassets */; };
		591C5C8F2339A5B10044186B /* LaunchScreen.storyboard in Resources */ = {isa = PBXBuildFile; fileRef = 591C5C8D2339A5B10044186B /* LaunchScreen.storyboard */; };
/* End PBXBuildFile section */

/* Begin PBXFileReference section */
		49879ACE233A0DF40069E4CF /* ContentView.swift */ = {isa = PBXFileReference; fileEncoding = 4; lastKnownFileType = sourcecode.swift; path = ContentView.swift; sourceTree = "<group>"; };
		591C5C7F2339A5B00044186B /* HW01.app */ = {isa = PBXFileReference; explicitFileType = wrapper.application; includeInIndex = 0; path = HW01.app; sourceTree = BUILT_PRODUCTS_DIR; };
		591C5C822339A5B00044186B /* AppDelegate.swift */ = {isa = PBXFileReference; lastKnownFileType = sourcecode.swift; path = AppDelegate.swift; sourceTree = "<group>"; };
		591C5C842339A5B00044186B /* SceneDelegate.swift */ = {isa = PBXFileReference; lastKnownFileType = sourcecode.swift; path = SceneDelegate.swift; sourceTree = "<group>"; };
		591C5C882339A5B10044186B /* Assets.xcassets */ = {isa = PBXFileReference; lastKnownFileType = folder.assetcatalog; path = Assets.xcassets; sourceTree = "<group>"; };
		591C5C8B2339A5B10044186B /* Preview Assets.xcassets */ = {isa = PBXFileReference; lastKnownFileType = folder.assetcatalog; path = "Preview Assets.xcassets"; sourceTree = "<group>"; };
		591C5C8E2339A5B10044186B /* Base */ = {isa = PBXFileReference; lastKnownFileType = file.storyboard; name = Base; path = Base.lproj/LaunchScreen.storyboard; sourceTree = "<group>"; };
		591C5C902339A5B10044186B /* Info.plist */ = {isa = PBXFileReference; lastKnownFileType = text.plist.xml; path = Info.plist; sourceTree = "<group>"; };
/* End PBXFileReference section */

/* Begin PBXFrameworksBuildPhase section */
		591C5C7C2339A5B00044186B /* Frameworks */ = {
			isa = PBXFrameworksBuildPhase;
			buildActionMask = 2147483647;
			files = (
			);
			runOnlyForDeploymentPostprocessing = 0;
		};
/* End PBXFrameworksBuildPhase section */

/* Begin PBXGroup section */
		591C5C762339A5B00044186B = {
			isa = PBXGroup;
			children = (
				591C5C812339A5B00044186B /* HW01 */,
				591C5C802339A5B00044186B /* Products */,
			);
			sourceTree = "<group>";
		};
		591C5C802339A5B00044186B /* Products */ = {
			isa = PBXGroup;
			children = (
				591C5C7F2339A5B00044186B /* HW01.app */,
			);
			name = Products;
			sourceTree = "<group>";
		};
		591C5C812339A5B00044186B /* HW01 */ = {
			isa = PBXGroup;
			children = (
				591C5C822339A5B00044186B /* AppDelegate.swift */,
				591C5C842339A5B00044186B /* SceneDelegate.swift */,
				49879ACE233A0DF40069E4CF /* ContentView.swift */,
				591C5C882339A5B10044186B /* Assets.xcassets */,
				591C5C8D2339A5B10044186B /* LaunchScreen.storyboard */,
				591C5C902339A5B10044186B /* Info.plist */,
				591C5C8A2339A5B10044186B /* Preview Content */,
			);
			path = HW01;
			sourceTree = "<group>";
		};
		591C5C8A2339A5B10044186B /* Preview Content */ = {
			isa = PBXGroup;
			children = (
				591C5C8B2339A5B10044186B /* Preview Assets.xcassets */,
			);
			path = "Preview Content";
			sourceTree = "<group>";
		};
/* End PBXGroup section */

/* Begin PBXNativeTarget section */
		591C5C7E2339A5B00044186B /* HW01 */ = {
			isa = PBXNativeTarget;
			buildConfigurationList = 591C5C932339A5B10044186B /* Build configuration list for PBXNativeTarget "HW01" */;
			buildPhases = (
				591C5C7B2339A5B00044186B /* Sources */,
				591C5C7C2339A5B00044186B /* Frameworks */,
				591C5C7D2339A5B00044186B /* Resources */,
			);
			buildRules = (
			);
			dependencies = (
			);
			name = HW01;
			productName = HW01;
			productReference = 591C5C7F2339A5B00044186B /* HW01.app */;
			productType = "com.apple.product-type.application";
		};
/* End PBXNativeTarget section */

/* Begin PBXProject section */
		591C5C772339A5B00044186B /* Project object */ = {
			isa = PBXProject;
			attributes = {
				LastSwiftUpdateCheck = 1100;
				LastUpgradeCheck = 1100;
				ORGANIZATIONNAME = User06;
				TargetAttributes = {
					591C5C7E2339A5B00044186B = {
						CreatedOnToolsVersion = 11.0;
					};
				};
			};
			buildConfigurationList = 591C5C7A2339A5B00044186B /* Build configuration list for PBXProject "HW01" */;
			compatibilityVersion = "Xcode 9.3";
			developmentRegion = en;
			hasScannedForEncodings = 0;
			knownRegions = (
				en,
				Base,
			);
			mainGroup = 591C5C762339A5B00044186B;
			productRefGroup = 591C5C802339A5B00044186B /* Products */;
			projectDirPath = "";
			projectRoot = "";
			targets = (
				591C5C7E2339A5B00044186B /* HW01 */,
			);
		};
/* End PBXProject section */

/* Begin PBXResourcesBuildPhase section */
		591C5C7D2339A5B00044186B /* Resources */ = {
			isa = PBXResourcesBuildPhase;
			buildActionMask = 2147483647;
			files = (
				591C5C8F2339A5B10044186B /* LaunchScreen.storyboard in Resources */,
				591C5C8C2339A5B10044186B /* Preview Assets.xcassets in Resources */,
				591C5C892339A5B10044186B /* Assets.xcassets in Resources */,
			);
			runOnlyForDeploymentPostprocessing = 0;
		};
/* End PBXResourcesBuildPhase section */

/* Begin PBXSourcesBuildPhase section */
		591C5C7B2339A5B00044186B /* Sources */ = {
			isa = PBXSourcesBuildPhase;
			buildActionMask = 2147483647;
			files = (
				591C5C832339A5B00044186B /* AppDelegate.swift in Sources */,
				591C5C852339A5B00044186B /* SceneDelegate.swift in Sources */,
				49879ACF233A0DF40069E4CF /* ContentView.swift in Sources */,
			);
			runOnlyForDeploymentPostprocessing = 0;
		};
/* End PBXSourcesBuildPhase section */

/* Begin PBXVariantGroup section */
		591C5C8D2339A5B10044186B /* LaunchScreen.storyboard */ = {
			isa = PBXVariantGroup;
			children = (
				591C5C8E2339A5B10044186B /* Base */,
			);
			name = LaunchScreen.storyboard;
			sourceTree = "<group>";
		};
/* End PBXVariantGroup section */

/* Begin XCBuildConfiguration section */
		591C5C912339A5B10044186B /* Debug */ = {
			isa = XCBuildConfiguration;
			buildSettings = {
				ALWAYS_SEARCH_USER_PATHS = NO;
				CLANG_ANALYZER_NONNULL = YES;
				CLANG_ANALYZER_NUMBER_OBJECT_CONVERSION = YES_AGGRESSIVE;
				CLANG_CXX_LANGUAGE_STANDARD = "gnu++14";
				CLANG_CXX_LIBRARY = "libc++";
				CLANG_ENABLE_MODULES = YES;
				CLANG_ENABLE_OBJC_ARC = YES;
				CLANG_ENABLE_OBJC_WEAK = YES;
				CLANG_WARN_BLOCK_CAPTURE_AUTORELEASING = YES;
				CLANG_WARN_BOOL_CONVERSION = YES;
				CLANG_WARN_COMMA = YES;
				CLANG_WARN_CONSTANT_CONVERSION = YES;
				CLANG_WARN_DEPRECATED_OBJC_IMPLEMENTATIONS = YES;
				CLANG_WARN_DIRECT_OBJC_ISA_USAGE = YES_ERROR;
				CLANG_WARN_DOCUMENTATION_COMMENTS = YES;
				CLANG_WARN_EMPTY_BODY = YES;
				CLANG_WARN_ENUM_CONVERSION = YES;
				CLANG_WARN_INFINITE_RECURSION = YES;
				CLANG_WARN_INT_CONVERSION = YES;
				CLANG_WARN_NON_LITERAL_NULL_CONVERSION = YES;
				CLANG_WARN_OBJC_IMPLICIT_RETAIN_SELF = YES;
				CLANG_WARN_OBJC_LITERAL_CONVERSION = YES;
				CLANG_WARN_OBJC_ROOT_CLASS = YES_ERROR;
				CLANG_WARN_RANGE_LOOP_ANALYSIS = YES;
				CLANG_WARN_STRICT_PROTOTYPES = YES;
				CLANG_WARN_SUSPICIOUS_MOVE = YES;
				CLANG_WARN_UNGUARDED_AVAILABILITY = YES_AGGRESSIVE;
				CLANG_WARN_UNREACHABLE_CODE = YES;
				CLANG_WARN__DUPLICATE_METHOD_MATCH = YES;
				COPY_PHASE_STRIP = NO;
				DEBUG_INFORMATION_FORMAT = dwarf;
				ENABLE_STRICT_OBJC_MSGSEND = YES;
				ENABLE_TESTABILITY = YES;
				GCC_C_LANGUAGE_STANDARD = gnu11;
				GCC_DYNAMIC_NO_PIC = NO;
				GCC_NO_COMMON_BLOCKS = YES;
				GCC_OPTIMIZATION_LEVEL = 0;
				GCC_PREPROCESSOR_DEFINITIONS = (
					"DEBUG=1",
					"$(inherited)",
				);
				GCC_WARN_64_TO_32_BIT_CONVERSION = YES;
				GCC_WARN_ABOUT_RETURN_TYPE = YES_ERROR;
				GCC_WARN_UNDECLARED_SELECTOR = YES;
				GCC_WARN_UNINITIALIZED_AUTOS = YES_AGGRESSIVE;
				GCC_WARN_UNUSED_FUNCTION = YES;
				GCC_WARN_UNUSED_VARIABLE = YES;
				IPHONEOS_DEPLOYMENT_TARGET = 13.0;
				MTL_ENABLE_DEBUG_INFO = INCLUDE_SOURCE;
				MTL_FAST_MATH = YES;
				ONLY_ACTIVE_ARCH = YES;
				SDKROOT = iphoneos;
				SWIFT_ACTIVE_COMPILATION_CONDITIONS = DEBUG;
				SWIFT_OPTIMIZATION_LEVEL = "-Onone";
			};
			name = Debug;
		};
		591C5C922339A5B10044186B /* Release */ = {
			isa = XCBuildConfiguration;
			buildSettings = {
				ALWAYS_SEARCH_USER_PATHS = NO;
				CLANG_ANALYZER_NONNULL = YES;
				CLANG_ANALYZER_NUMBER_OBJECT_CONVERSION = YES_AGGRESSIVE;
				CLANG_CXX_LANGUAGE_STANDARD = "gnu++14";
				CLANG_CXX_LIBRARY = "libc++";
				CLANG_ENABLE_MODULES = YES;
				CLANG_ENABLE_OBJC_ARC = YES;
				CLANG_ENABLE_OBJC_WEAK = YES;
				CLANG_WARN_BLOCK_CAPTURE_AUTORELEASING = YES;
				CLANG_WARN_BOOL_CONVERSION = YES;
				CLANG_WARN_COMMA = YES;
				CLANG_WARN_CONSTANT_CONVERSION = YES;
				CLANG_WARN_DEPRECATED_OBJC_IMPLEMENTATIONS = YES;
				CLANG_WARN_DIRECT_OBJC_ISA_USAGE = YES_ERROR;
				CLANG_WARN_DOCUMENTATION_COMMENTS = YES;
				CLANG_WARN_EMPTY_BODY = YES;
				CLANG_WARN_ENUM_CONVERSION = YES;
				CLANG_WARN_INFINITE_RECURSION = YES;
				CLANG_WARN_INT_CONVERSION = YES;
				CLANG_WARN_NON_LITERAL_NULL_CONVERSION = YES;
				CLANG_WARN_OBJC_IMPLICIT_RETAIN_SELF = YES;
				CLANG_WARN_OBJC_LITERAL_CONVERSION = YES;
				CLANG_WARN_OBJC_ROOT_CLASS = YES_ERROR;
				CLANG_WARN_RANGE_LOOP_ANALYSIS = YES;
				CLANG_WARN_STRICT_PROTOTYPES = YES;
				CLANG_WARN_SUSPICIOUS_MOVE = YES;
				CLANG_WARN_UNGUARDED_AVAILABILITY = YES_AGGRESSIVE;
				CLANG_WARN_UNREACHABLE_CODE = YES;
				CLANG_WARN__DUPLICATE_METHOD_MATCH = YES;
				COPY_PHASE_STRIP = NO;
				DEBUG_INFORMATION_FORMAT = "dwarf-with-dsym";
				ENABLE_NS_ASSERTIONS = NO;
				ENABLE_STRICT_OBJC_MSGSEND = YES;
				GCC_C_LANGUAGE_STANDARD = gnu11;
				GCC_NO_COMMON_BLOCKS = YES;
				GCC_WARN_64_TO_32_BIT_CONVERSION = YES;
				GCC_WARN_ABOUT_RETURN_TYPE = YES_ERROR;
				GCC_WARN_UNDECLARED_SELECTOR = YES;
				GCC_WARN_UNINITIALIZED_AUTOS = YES_AGGRESSIVE;
				GCC_WARN_UNUSED_FUNCTION = YES;
				GCC_WARN_UNUSED_VARIABLE = YES;
				IPHONEOS_DEPLOYMENT_TARGET = 13.0;
				MTL_ENABLE_DEBUG_INFO = NO;
				MTL_FAST_MATH = YES;
				SDKROOT = iphoneos;
				SWIFT_COMPILATION_MODE = wholemodule;
				SWIFT_OPTIMIZATION_LEVEL = "-O";
				VALIDATE_PRODUCT = YES;
			};
			name = Release;
		};
		591C5C942339A5B10044186B /* Debug */ = {
			isa = XCBuildConfiguration;
			buildSettings = {
				ASSETCATALOG_COMPILER_APPICON_NAME = AppIcon;
				CODE_SIGN_STYLE = Automatic;
				DEVELOPMENT_ASSET_PATHS = "\"HW01/Preview Content\"";
				ENABLE_PREVIEWS = YES;
				INFOPLIST_FILE = HW01/Info.plist;
				LD_RUNPATH_SEARCH_PATHS = (
					"$(inherited)",
					"@executable_path/Frameworks",
				);
				PRODUCT_BUNDLE_IDENTIFIER = Lw.HW01;
				PRODUCT_NAME = "$(TARGET_NAME)";
				SWIFT_VERSION = 5.0;
				TARGETED_DEVICE_FAMILY = "1,2";
			};
			name = Debug;
		};
		591C5C952339A5B10044186B /* Release */ = {
			isa = XCBuildConfiguration;
			buildSettings = {
				ASSETCATALOG_COMPILER_APPICON_NAME = AppIcon;
				CODE_SIGN_STYLE = Automatic;
				DEVELOPMENT_ASSET_PATHS = "\"HW01/Preview Content\"";
				ENABLE_PREVIEWS = YES;
				INFOPLIST_FILE = HW01/Info.plist;
				LD_RUNPATH_SEARCH_PATHS = (
					"$(inherited)",
					"@executable_path/Frameworks",
				);
				PRODUCT_BUNDLE_IDENTIFIER = Lw.HW01;
				PRODUCT_NAME = "$(TARGET_NAME)";
				SWIFT_VERSION = 5.0;
				TARGETED_DEVICE_FAMILY = "1,2";
			};
			name = Release;
		};
/* End XCBuildConfiguration section */

/* Begin XCConfigurationList section */
		591C5C7A2339A5B00044186B /* Build configuration list for PBXProject "HW01" */ = {
			isa = XCConfigurationList;
			buildConfigurations = (
				591C5C912339A5B10044186B /* Debug */,
				591C5C922339A5B10044186B /* Release */,
			);
			defaultConfigurationIsVisible = 0;
			defaultConfigurationName = Release;
		};
		591C5C932339A5B10044186B /* Build configuration list for PBXNativeTarget "HW01" */ = {
			isa = XCConfigurationList;
			buildConfigurations = (
				591C5C942339A5B10044186B /* Debug */,
				591C5C952339A5B10044186B /* Release */,
			);
			defaultConfigurationIsVisible = 0;
			defaultConfigurationName = Release;
		};
/* End XCConfigurationList section */
	};
	rootObject = 591C5C772339A5B00044186B /* Project object */;
}
